
Microsoft Visual Studio Solution File, Format Version 12.00
# Visual Studio 2017
Project("{FAE04EC0-301F-11D3-BF4B-00C04F79EFBC}") = "LudumDare39", "LudumDare39.csproj", "{68C35520-6CCD-B763-5E02-E2047A72BD63}"
EndProject
Global
	GlobalSection(SolutionConfigurationPlatforms) = preSolution
		Debug|Any CPU = Debug|Any CPU
		Release|Any CPU = Release|Any CPU
	EndGlobalSection
	GlobalSection(ProjectConfigurationPlatforms) = postSolution
		{68C35520-6CCD-B763-5E02-E2047A72BD63}.Debug|Any CPU.ActiveCfg = Debug|Any CPU
		{68C35520-6CCD-B763-5E02-E2047A72BD63}.Debug|Any CPU.Build.0 = Debug|Any CPU
		{68C35520-6CCD-B763-5E02-E2047A72BD63}.Release|Any CPU.ActiveCfg = Release|Any CPU
		{68C35520-6CCD-B763-5E02-E2047A72BD63}.Release|Any CPU.Build.0 = Release|Any CPU
	EndGlobalSection
	GlobalSection(SolutionProperties) = preSolution
		HideSolutionNode = FALSE
	EndGlobalSection
EndGlobal
